// !$*UTF8*$!
{
	archiveVersion = 1;
	classes = {
	};
	objectVersion = 48;
	objects = {

/* Begin PBXBuildFile section */
		8166818B20D7E05D00C3051A /* Viewcontroller_status.swift in Sources */ = {isa = PBXBuildFile; fileRef = 8166818A20D7E05D00C3051A /* Viewcontroller_status.swift */; };
		8166818D20D7E09200C3051A /* Viewcontroller_jobs.swift in Sources */ = {isa = PBXBuildFile; fileRef = 8166818C20D7E09200C3051A /* Viewcontroller_jobs.swift */; };
		8166818F20D7E0F500C3051A /* Viewcontroller_store.swift in Sources */ = {isa = PBXBuildFile; fileRef = 8166818E20D7E0F500C3051A /* Viewcontroller_store.swift */; };
		81F258A020D7B72C00D3EBC5 /* AppDelegate.swift in Sources */ = {isa = PBXBuildFile; fileRef = 81F2589F20D7B72C00D3EBC5 /* AppDelegate.swift */; };
		81F258A220D7B72C00D3EBC5 /* ViewController.swift in Sources */ = {isa = PBXBuildFile; fileRef = 81F258A120D7B72C00D3EBC5 /* ViewController.swift */; };
		81F258A520D7B72C00D3EBC5 /* Main.storyboard in Resources */ = {isa = PBXBuildFile; fileRef = 81F258A320D7B72C00D3EBC5 /* Main.storyboard */; };
		81F258A720D7B72C00D3EBC5 /* Assets.xcassets in Resources */ = {isa = PBXBuildFile; fileRef = 81F258A620D7B72C00D3EBC5 /* Assets.xcassets */; };
		81F258AA20D7B72C00D3EBC5 /* LaunchScreen.storyboard in Resources */ = {isa = PBXBuildFile; fileRef = 81F258A820D7B72C00D3EBC5 /* LaunchScreen.storyboard */; };
		81F258B520D7B72C00D3EBC5 /* Nyan_Nyan_Fun_TimeTests.swift in Sources */ = {isa = PBXBuildFile; fileRef = 81F258B420D7B72C00D3EBC5 /* Nyan_Nyan_Fun_TimeTests.swift */; };
		81F258C020D7B72C00D3EBC5 /* Nyan_Nyan_Fun_TimeUITests.swift in Sources */ = {isa = PBXBuildFile; fileRef = 81F258BF20D7B72C00D3EBC5 /* Nyan_Nyan_Fun_TimeUITests.swift */; };
		81F258D220D7D9D100D3EBC5 /* Viewcontroller_activity.swift in Sources */ = {isa = PBXBuildFile; fileRef = 81F258D120D7D9D100D3EBC5 /* Viewcontroller_activity.swift */; };
/* End PBXBuildFile section */

/* Begin PBXContainerItemProxy section */
		81F258B120D7B72C00D3EBC5 /* PBXContainerItemProxy */ = {
			isa = PBXContainerItemProxy;
			containerPortal = 81F2589420D7B72C00D3EBC5 /* Project object */;
			proxyType = 1;
			remoteGlobalIDString = 81F2589B20D7B72C00D3EBC5;
			remoteInfo = "Nyan Nyan Fun Time";
		};
		81F258BC20D7B72C00D3EBC5 /* PBXContainerItemProxy */ = {
			isa = PBXContainerItemProxy;
			containerPortal = 81F2589420D7B72C00D3EBC5 /* Project object */;
			proxyType = 1;
			remoteGlobalIDString = 81F2589B20D7B72C00D3EBC5;
			remoteInfo = "Nyan Nyan Fun Time";
		};
/* End PBXContainerItemProxy section */

/* Begin PBXFileReference section */
		8166818A20D7E05D00C3051A /* Viewcontroller_status.swift */ = {isa = PBXFileReference; lastKnownFileType = sourcecode.swift; path = Viewcontroller_status.swift; sourceTree = "<group>"; };
		8166818C20D7E09200C3051A /* Viewcontroller_jobs.swift */ = {isa = PBXFileReference; lastKnownFileType = sourcecode.swift; path = Viewcontroller_jobs.swift; sourceTree = "<group>"; };
		8166818E20D7E0F500C3051A /* Viewcontroller_store.swift */ = {isa = PBXFileReference; lastKnownFileType = sourcecode.swift; path = Viewcontroller_store.swift; sourceTree = "<group>"; };
		81F2589C20D7B72C00D3EBC5 /* Nyan Nyan Fun Time.app */ = {isa = PBXFileReference; explicitFileType = wrapper.application; includeInIndex = 0; path = "Nyan Nyan Fun Time.app"; sourceTree = BUILT_PRODUCTS_DIR; };
		81F2589F20D7B72C00D3EBC5 /* AppDelegate.swift */ = {isa = PBXFileReference; lastKnownFileType = sourcecode.swift; path = AppDelegate.swift; sourceTree = "<group>"; };
		81F258A120D7B72C00D3EBC5 /* ViewController.swift */ = {isa = PBXFileReference; lastKnownFileType = sourcecode.swift; path = ViewController.swift; sourceTree = "<group>"; };
		81F258A420D7B72C00D3EBC5 /* Base */ = {isa = PBXFileReference; lastKnownFileType = file.storyboard; name = Base; path = Base.lproj/Main.storyboard; sourceTree = "<group>"; };
		81F258A620D7B72C00D3EBC5 /* Assets.xcassets */ = {isa = PBXFileReference; lastKnownFileType = folder.assetcatalog; path = Assets.xcassets; sourceTree = "<group>"; };
		81F258A920D7B72C00D3EBC5 /* Base */ = {isa = PBXFileReference; lastKnownFileType = file.storyboard; name = Base; path = Base.lproj/LaunchScreen.storyboard; sourceTree = "<group>"; };
		81F258AB20D7B72C00D3EBC5 /* Info.plist */ = {isa = PBXFileReference; lastKnownFileType = text.plist.xml; path = Info.plist; sourceTree = "<group>"; };
		81F258B020D7B72C00D3EBC5 /* Nyan Nyan Fun TimeTests.xctest */ = {isa = PBXFileReference; explicitFileType = wrapper.cfbundle; includeInIndex = 0; path = "Nyan Nyan Fun TimeTests.xctest"; sourceTree = BUILT_PRODUCTS_DIR; };
		81F258B420D7B72C00D3EBC5 /* Nyan_Nyan_Fun_TimeTests.swift */ = {isa = PBXFileReference; lastKnownFileType = sourcecode.swift; path = Nyan_Nyan_Fun_TimeTests.swift; sourceTree = "<group>"; };
		81F258B620D7B72C00D3EBC5 /* Info.plist */ = {isa = PBXFileReference; lastKnownFileType = text.plist.xml; path = Info.plist; sourceTree = "<group>"; };
		81F258BB20D7B72C00D3EBC5 /* Nyan Nyan Fun TimeUITests.xctest */ = {isa = PBXFileReference; explicitFileType = wrapper.cfbundle; includeInIndex = 0; path = "Nyan Nyan Fun TimeUITests.xctest"; sourceTree = BUILT_PRODUCTS_DIR; };
		81F258BF20D7B72C00D3EBC5 /* Nyan_Nyan_Fun_TimeUITests.swift */ = {isa = PBXFileReference; lastKnownFileType = sourcecode.swift; path = Nyan_Nyan_Fun_TimeUITests.swift; sourceTree = "<group>"; };
		81F258C120D7B72C00D3EBC5 /* Info.plist */ = {isa = PBXFileReference; lastKnownFileType = text.plist.xml; path = Info.plist; sourceTree = "<group>"; };
		81F258D120D7D9D100D3EBC5 /* Viewcontroller_activity.swift */ = {isa = PBXFileReference; lastKnownFileType = sourcecode.swift; path = Viewcontroller_activity.swift; sourceTree = "<group>"; };
/* End PBXFileReference section */

/* Begin PBXFrameworksBuildPhase section */
		81F2589920D7B72C00D3EBC5 /* Frameworks */ = {
			isa = PBXFrameworksBuildPhase;
			buildActionMask = 2147483647;
			files = (
			);
			runOnlyForDeploymentPostprocessing = 0;
		};
		81F258AD20D7B72C00D3EBC5 /* Frameworks */ = {
			isa = PBXFrameworksBuildPhase;
			buildActionMask = 2147483647;
			files = (
			);
			runOnlyForDeploymentPostprocessing = 0;
		};
		81F258B820D7B72C00D3EBC5 /* Frameworks */ = {
			isa = PBXFrameworksBuildPhase;
			buildActionMask = 2147483647;
			files = (
			);
			runOnlyForDeploymentPostprocessing = 0;
		};
/* End PBXFrameworksBuildPhase section */

/* Begin PBXGroup section */
		8166818920D7DF0D00C3051A /* ViewControllers */ = {
			isa = PBXGroup;
			children = (
				81F258A120D7B72C00D3EBC5 /* ViewController.swift */,
				81F258D120D7D9D100D3EBC5 /* Viewcontroller_activity.swift */,
				8166818A20D7E05D00C3051A /* Viewcontroller_status.swift */,
				8166818C20D7E09200C3051A /* Viewcontroller_jobs.swift */,
				8166818E20D7E0F500C3051A /* Viewcontroller_store.swift */,
			);
			path = ViewControllers;
			sourceTree = "<group>";
		};
		81F2589320D7B72C00D3EBC5 = {
			isa = PBXGroup;
			children = (
				81F2589E20D7B72C00D3EBC5 /* Nyan Nyan Fun Time */,
				81F258B320D7B72C00D3EBC5 /* Nyan Nyan Fun TimeTests */,
				81F258BE20D7B72C00D3EBC5 /* Nyan Nyan Fun TimeUITests */,
				81F2589D20D7B72C00D3EBC5 /* Products */,
			);
			sourceTree = "<group>";
		};
		81F2589D20D7B72C00D3EBC5 /* Products */ = {
			isa = PBXGroup;
			children = (
				81F2589C20D7B72C00D3EBC5 /* Nyan Nyan Fun Time.app */,
				81F258B020D7B72C00D3EBC5 /* Nyan Nyan Fun TimeTests.xctest */,
				81F258BB20D7B72C00D3EBC5 /* Nyan Nyan Fun TimeUITests.xctest */,
			);
			name = Products;
			sourceTree = "<group>";
		};
		81F2589E20D7B72C00D3EBC5 /* Nyan Nyan Fun Time */ = {
			isa = PBXGroup;
			children = (
				81F2589F20D7B72C00D3EBC5 /* AppDelegate.swift */,
				8166818920D7DF0D00C3051A /* ViewControllers */,
				81F258A320D7B72C00D3EBC5 /* Main.storyboard */,
				81F258A620D7B72C00D3EBC5 /* Assets.xcassets */,
				81F258A820D7B72C00D3EBC5 /* LaunchScreen.storyboard */,
				81F258AB20D7B72C00D3EBC5 /* Info.plist */,
			);
			path = "Nyan Nyan Fun Time";
			sourceTree = "<group>";
		};
		81F258B320D7B72C00D3EBC5 /* Nyan Nyan Fun TimeTests */ = {
			isa = PBXGroup;
			children = (
				81F258B420D7B72C00D3EBC5 /* Nyan_Nyan_Fun_TimeTests.swift */,
				81F258B620D7B72C00D3EBC5 /* Info.plist */,
			);
			path = "Nyan Nyan Fun TimeTests";
			sourceTree = "<group>";
		};
		81F258BE20D7B72C00D3EBC5 /* Nyan Nyan Fun TimeUITests */ = {
			isa = PBXGroup;
			children = (
				81F258BF20D7B72C00D3EBC5 /* Nyan_Nyan_Fun_TimeUITests.swift */,
				81F258C120D7B72C00D3EBC5 /* Info.plist */,
			);
			path = "Nyan Nyan Fun TimeUITests";
			sourceTree = "<group>";
		};
/* End PBXGroup section */

/* Begin PBXNativeTarget section */
		81F2589B20D7B72C00D3EBC5 /* Nyan Nyan Fun Time */ = {
			isa = PBXNativeTarget;
			buildConfigurationList = 81F258C420D7B72C00D3EBC5 /* Build configuration list for PBXNativeTarget "Nyan Nyan Fun Time" */;
			buildPhases = (
				81F2589820D7B72C00D3EBC5 /* Sources */,
				81F2589920D7B72C00D3EBC5 /* Frameworks */,
				81F2589A20D7B72C00D3EBC5 /* Resources */,
			);
			buildRules = (
			);
			dependencies = (
			);
			name = "Nyan Nyan Fun Time";
			productName = "Nyan Nyan Fun Time";
			productReference = 81F2589C20D7B72C00D3EBC5 /* Nyan Nyan Fun Time.app */;
			productType = "com.apple.product-type.application";
		};
		81F258AF20D7B72C00D3EBC5 /* Nyan Nyan Fun TimeTests */ = {
			isa = PBXNativeTarget;
			buildConfigurationList = 81F258C720D7B72C00D3EBC5 /* Build configuration list for PBXNativeTarget "Nyan Nyan Fun TimeTests" */;
			buildPhases = (
				81F258AC20D7B72C00D3EBC5 /* Sources */,
				81F258AD20D7B72C00D3EBC5 /* Frameworks */,
				81F258AE20D7B72C00D3EBC5 /* Resources */,
			);
			buildRules = (
			);
			dependencies = (
				81F258B220D7B72C00D3EBC5 /* PBXTargetDependency */,
			);
			name = "Nyan Nyan Fun TimeTests";
			productName = "Nyan Nyan Fun TimeTests";
			productReference = 81F258B020D7B72C00D3EBC5 /* Nyan Nyan Fun TimeTests.xctest */;
			productType = "com.apple.product-type.bundle.unit-test";
		};
		81F258BA20D7B72C00D3EBC5 /* Nyan Nyan Fun TimeUITests */ = {
			isa = PBXNativeTarget;
			buildConfigurationList = 81F258CA20D7B72C00D3EBC5 /* Build configuration list for PBXNativeTarget "Nyan Nyan Fun TimeUITests" */;
			buildPhases = (
				81F258B720D7B72C00D3EBC5 /* Sources */,
				81F258B820D7B72C00D3EBC5 /* Frameworks */,
				81F258B920D7B72C00D3EBC5 /* Resources */,
			);
			buildRules = (
			);
			dependencies = (
				81F258BD20D7B72C00D3EBC5 /* PBXTargetDependency */,
			);
			name = "Nyan Nyan Fun TimeUITests";
			productName = "Nyan Nyan Fun TimeUITests";
			productReference = 81F258BB20D7B72C00D3EBC5 /* Nyan Nyan Fun TimeUITests.xctest */;
			productType = "com.apple.product-type.bundle.ui-testing";
		};
/* End PBXNativeTarget section */

/* Begin PBXProject section */
		81F2589420D7B72C00D3EBC5 /* Project object */ = {
			isa = PBXProject;
			attributes = {
				LastSwiftUpdateCheck = 0920;
				LastUpgradeCheck = 0920;
				ORGANIZATIONNAME = "Kofu Interactive";
				TargetAttributes = {
					81F2589B20D7B72C00D3EBC5 = {
						CreatedOnToolsVersion = 9.2;
						ProvisioningStyle = Automatic;
					};
					81F258AF20D7B72C00D3EBC5 = {
						CreatedOnToolsVersion = 9.2;
						ProvisioningStyle = Automatic;
						TestTargetID = 81F2589B20D7B72C00D3EBC5;
					};
					81F258BA20D7B72C00D3EBC5 = {
						CreatedOnToolsVersion = 9.2;
						ProvisioningStyle = Automatic;
						TestTargetID = 81F2589B20D7B72C00D3EBC5;
					};
				};
			};
			buildConfigurationList = 81F2589720D7B72C00D3EBC5 /* Build configuration list for PBXProject "Nyan Nyan Fun Time" */;
			compatibilityVersion = "Xcode 8.0";
			developmentRegion = en;
			hasScannedForEncodings = 0;
			knownRegions = (
				en,
				Base,
			);
			mainGroup = 81F2589320D7B72C00D3EBC5;
			productRefGroup = 81F2589D20D7B72C00D3EBC5 /* Products */;
			projectDirPath = "";
			projectRoot = "";
			targets = (
				81F2589B20D7B72C00D3EBC5 /* Nyan Nyan Fun Time */,
				81F258AF20D7B72C00D3EBC5 /* Nyan Nyan Fun TimeTests */,
				81F258BA20D7B72C00D3EBC5 /* Nyan Nyan Fun TimeUITests */,
			);
		};
/* End PBXProject section */

/* Begin PBXResourcesBuildPhase section */
		81F2589A20D7B72C00D3EBC5 /* Resources */ = {
			isa = PBXResourcesBuildPhase;
			buildActionMask = 2147483647;
			files = (
				81F258AA20D7B72C00D3EBC5 /* LaunchScreen.storyboard in Resources */,
				81F258A720D7B72C00D3EBC5 /* Assets.xcassets in Resources */,
				81F258A520D7B72C00D3EBC5 /* Main.storyboard in Resources */,
			);
			runOnlyForDeploymentPostprocessing = 0;
		};
		81F258AE20D7B72C00D3EBC5 /* Resources */ = {
			isa = PBXResourcesBuildPhase;
			buildActionMask = 2147483647;
			files = (
			);
			runOnlyForDeploymentPostprocessing = 0;
		};
		81F258B920D7B72C00D3EBC5 /* Resources */ = {
			isa = PBXResourcesBuildPhase;
			buildActionMask = 2147483647;
			files = (
			);
			runOnlyForDeploymentPostprocessing = 0;
		};
/* End PBXResourcesBuildPhase section */

/* Begin PBXSourcesBuildPhase section */
		81F2589820D7B72C00D3EBC5 /* Sources */ = {
			isa = PBXSourcesBuildPhase;
			buildActionMask = 2147483647;
			files = (
				8166818D20D7E09200C3051A /* Viewcontroller_jobs.swift in Sources */,
				8166818B20D7E05D00C3051A /* Viewcontroller_status.swift in Sources */,
				81F258A220D7B72C00D3EBC5 /* ViewController.swift in Sources */,
				81F258A020D7B72C00D3EBC5 /* AppDelegate.swift in Sources */,
				8166818F20D7E0F500C3051A /* Viewcontroller_store.swift in Sources */,
				81F258D220D7D9D100D3EBC5 /* Viewcontroller_activity.swift in Sources */,
			);
			runOnlyForDeploymentPostprocessing = 0;
		};
		81F258AC20D7B72C00D3EBC5 /* Sources */ = {
			isa = PBXSourcesBuildPhase;
			buildActionMask = 2147483647;
			files = (
				81F258B520D7B72C00D3EBC5 /* Nyan_Nyan_Fun_TimeTests.swift in Sources */,
			);
			runOnlyForDeploymentPostprocessing = 0;
		};
		81F258B720D7B72C00D3EBC5 /* Sources */ = {
			isa = PBXSourcesBuildPhase;
			buildActionMask = 2147483647;
			files = (
				81F258C020D7B72C00D3EBC5 /* Nyan_Nyan_Fun_TimeUITests.swift in Sources */,
			);
			runOnlyForDeploymentPostprocessing = 0;
		};
/* End PBXSourcesBuildPhase section */

/* Begin PBXTargetDependency section */
		81F258B220D7B72C00D3EBC5 /* PBXTargetDependency */ = {
			isa = PBXTargetDependency;
			target = 81F2589B20D7B72C00D3EBC5 /* Nyan Nyan Fun Time */;
			targetProxy = 81F258B120D7B72C00D3EBC5 /* PBXContainerItemProxy */;
		};
		81F258BD20D7B72C00D3EBC5 /* PBXTargetDependency */ = {
			isa = PBXTargetDependency;
			target = 81F2589B20D7B72C00D3EBC5 /* Nyan Nyan Fun Time */;
			targetProxy = 81F258BC20D7B72C00D3EBC5 /* PBXContainerItemProxy */;
		};
/* End PBXTargetDependency section */

/* Begin PBXVariantGroup section */
		81F258A320D7B72C00D3EBC5 /* Main.storyboard */ = {
			isa = PBXVariantGroup;
			children = (
				81F258A420D7B72C00D3EBC5 /* Base */,
			);
			name = Main.storyboard;
			sourceTree = "<group>";
		};
		81F258A820D7B72C00D3EBC5 /* LaunchScreen.storyboard */ = {
			isa = PBXVariantGroup;
			children = (
				81F258A920D7B72C00D3EBC5 /* Base */,
			);
			name = LaunchScreen.storyboard;
			sourceTree = "<group>";
		};
/* End PBXVariantGroup section */

/* Begin XCBuildConfiguration section */
		81F258C220D7B72C00D3EBC5 /* Debug */ = {
			isa = XCBuildConfiguration;
			buildSettings = {
				ALWAYS_SEARCH_USER_PATHS = NO;
				CLANG_ANALYZER_NONNULL = YES;
				CLANG_ANALYZER_NUMBER_OBJECT_CONVERSION = YES_AGGRESSIVE;
				CLANG_CXX_LANGUAGE_STANDARD = "gnu++14";
				CLANG_CXX_LIBRARY = "libc++";
				CLANG_ENABLE_MODULES = YES;
				CLANG_ENABLE_OBJC_ARC = YES;
				CLANG_WARN_BLOCK_CAPTURE_AUTORELEASING = YES;
				CLANG_WARN_BOOL_CONVERSION = YES;
				CLANG_WARN_COMMA = YES;
				CLANG_WARN_CONSTANT_CONVERSION = YES;
				CLANG_WARN_DIRECT_OBJC_ISA_USAGE = YES_ERROR;
				CLANG_WARN_DOCUMENTATION_COMMENTS = YES;
				CLANG_WARN_EMPTY_BODY = YES;
				CLANG_WARN_ENUM_CONVERSION = YES;
				CLANG_WARN_INFINITE_RECURSION = YES;
				CLANG_WARN_INT_CONVERSION = YES;
				CLANG_WARN_NON_LITERAL_NULL_CONVERSION = YES;
				CLANG_WARN_OBJC_LITERAL_CONVERSION = YES;
				CLANG_WARN_OBJC_ROOT_CLASS = YES_ERROR;
				CLANG_WARN_RANGE_LOOP_ANALYSIS = YES;
				CLANG_WARN_STRICT_PROTOTYPES = YES;
				CLANG_WARN_SUSPICIOUS_MOVE = YES;
				CLANG_WARN_UNGUARDED_AVAILABILITY = YES_AGGRESSIVE;
				CLANG_WARN_UNREACHABLE_CODE = YES;
				CLANG_WARN__DUPLICATE_METHOD_MATCH = YES;
				CODE_SIGN_IDENTITY = "iPhone Developer";
				COPY_PHASE_STRIP = NO;
				DEBUG_INFORMATION_FORMAT = dwarf;
				ENABLE_STRICT_OBJC_MSGSEND = YES;
				ENABLE_TESTABILITY = YES;
				GCC_C_LANGUAGE_STANDARD = gnu11;
				GCC_DYNAMIC_NO_PIC = NO;
				GCC_NO_COMMON_BLOCKS = YES;
				GCC_OPTIMIZATION_LEVEL = 0;
				GCC_PREPROCESSOR_DEFINITIONS = (
					"DEBUG=1",
					"$(inherited)",
				);
				GCC_WARN_64_TO_32_BIT_CONVERSION = YES;
				GCC_WARN_ABOUT_RETURN_TYPE = YES_ERROR;
				GCC_WARN_UNDECLARED_SELECTOR = YES;
				GCC_WARN_UNINITIALIZED_AUTOS = YES_AGGRESSIVE;
				GCC_WARN_UNUSED_FUNCTION = YES;
				GCC_WARN_UNUSED_VARIABLE = YES;
				IPHONEOS_DEPLOYMENT_TARGET = 11.2;
				MTL_ENABLE_DEBUG_INFO = YES;
				ONLY_ACTIVE_ARCH = YES;
				SDKROOT = iphoneos;
				SWIFT_ACTIVE_COMPILATION_CONDITIONS = DEBUG;
				SWIFT_OPTIMIZATION_LEVEL = "-Onone";
			};
			name = Debug;
		};
		81F258C320D7B72C00D3EBC5 /* Release */ = {
			isa = XCBuildConfiguration;
			buildSettings = {
				ALWAYS_SEARCH_USER_PATHS = NO;
				CLANG_ANALYZER_NONNULL = YES;
				CLANG_ANALYZER_NUMBER_OBJECT_CONVERSION = YES_AGGRESSIVE;
				CLANG_CXX_LANGUAGE_STANDARD = "gnu++14";
				CLANG_CXX_LIBRARY = "libc++";
				CLANG_ENABLE_MODULES = YES;
				CLANG_ENABLE_OBJC_ARC = YES;
				CLANG_WARN_BLOCK_CAPTURE_AUTORELEASING = YES;
				CLANG_WARN_BOOL_CONVERSION = YES;
				CLANG_WARN_COMMA = YES;
				CLANG_WARN_CONSTANT_CONVERSION = YES;
				CLANG_WARN_DIRECT_OBJC_ISA_USAGE = YES_ERROR;
				CLANG_WARN_DOCUMENTATION_COMMENTS = YES;
				CLANG_WARN_EMPTY_BODY = YES;
				CLANG_WARN_ENUM_CONVERSION = YES;
				CLANG_WARN_INFINITE_RECURSION = YES;
				CLANG_WARN_INT_CONVERSION = YES;
				CLANG_WARN_NON_LITERAL_NULL_CONVERSION = YES;
				CLANG_WARN_OBJC_LITERAL_CONVERSION = YES;
				CLANG_WARN_OBJC_ROOT_CLASS = YES_ERROR;
				CLANG_WARN_RANGE_LOOP_ANALYSIS = YES;
				CLANG_WARN_STRICT_PROTOTYPES = YES;
				CLANG_WARN_SUSPICIOUS_MOVE = YES;
				CLANG_WARN_UNGUARDED_AVAILABILITY = YES_AGGRESSIVE;
				CLANG_WARN_UNREACHABLE_CODE = YES;
				CLANG_WARN__DUPLICATE_METHOD_MATCH = YES;
				CODE_SIGN_IDENTITY = "iPhone Developer";
				COPY_PHASE_STRIP = NO;
				DEBUG_INFORMATION_FORMAT = "dwarf-with-dsym";
				ENABLE_NS_ASSERTIONS = NO;
				ENABLE_STRICT_OBJC_MSGSEND = YES;
				GCC_C_LANGUAGE_STANDARD = gnu11;
				GCC_NO_COMMON_BLOCKS = YES;
				GCC_WARN_64_TO_32_BIT_CONVERSION = YES;
				GCC_WARN_ABOUT_RETURN_TYPE = YES_ERROR;
				GCC_WARN_UNDECLARED_SELECTOR = YES;
				GCC_WARN_UNINITIALIZED_AUTOS = YES_AGGRESSIVE;
				GCC_WARN_UNUSED_FUNCTION = YES;
				GCC_WARN_UNUSED_VARIABLE = YES;
				IPHONEOS_DEPLOYMENT_TARGET = 11.2;
				MTL_ENABLE_DEBUG_INFO = NO;
				SDKROOT = iphoneos;
				SWIFT_OPTIMIZATION_LEVEL = "-Owholemodule";
				VALIDATE_PRODUCT = YES;
			};
			name = Release;
		};
		81F258C520D7B72C00D3EBC5 /* Debug */ = {
			isa = XCBuildConfiguration;
			buildSettings = {
				ASSETCATALOG_COMPILER_APPICON_NAME = AppIcon;
				CODE_SIGN_STYLE = Automatic;
				INFOPLIST_FILE = "Nyan Nyan Fun Time/Info.plist";
				LD_RUNPATH_SEARCH_PATHS = "$(inherited) @executable_path/Frameworks";
				PRODUCT_BUNDLE_IDENTIFIER = "com.kofu.Nyan-Nyan-Fun-Time";
				PRODUCT_NAME = "$(TARGET_NAME)";
				SWIFT_VERSION = 4.0;
				TARGETED_DEVICE_FAMILY = "1,2";
			};
			name = Debug;
		};
		81F258C620D7B72C00D3EBC5 /* Release */ = {
			isa = XCBuildConfiguration;
			buildSettings = {
				ASSETCATALOG_COMPILER_APPICON_NAME = AppIcon;
				CODE_SIGN_STYLE = Automatic;
				INFOPLIST_FILE = "Nyan Nyan Fun Time/Info.plist";
				LD_RUNPATH_SEARCH_PATHS = "$(inherited) @executable_path/Frameworks";
				PRODUCT_BUNDLE_IDENTIFIER = "com.kofu.Nyan-Nyan-Fun-Time";
				PRODUCT_NAME = "$(TARGET_NAME)";
				SWIFT_VERSION = 4.0;
				TARGETED_DEVICE_FAMILY = "1,2";
			};
			name = Release;
		};
		81F258C820D7B72C00D3EBC5 /* Debug */ = {
			isa = XCBuildConfiguration;
			buildSettings = {
				ALWAYS_EMBED_SWIFT_STANDARD_LIBRARIES = YES;
				BUNDLE_LOADER = "$(TEST_HOST)";
				CODE_SIGN_STYLE = Automatic;
				INFOPLIST_FILE = "Nyan Nyan Fun TimeTests/Info.plist";
				LD_RUNPATH_SEARCH_PATHS = "$(inherited) @executable_path/Frameworks @loader_path/Frameworks";
				PRODUCT_BUNDLE_IDENTIFIER = "com.kofu.Nyan-Nyan-Fun-TimeTests";
				PRODUCT_NAME = "$(TARGET_NAME)";
				SWIFT_VERSION = 4.0;
				TARGETED_DEVICE_FAMILY = "1,2";
				TEST_HOST = "$(BUILT_PRODUCTS_DIR)/Nyan Nyan Fun Time.app/Nyan Nyan Fun Time";
			};
			name = Debug;
		};
		81F258C920D7B72C00D3EBC5 /* Release */ = {
			isa = XCBuildConfiguration;
			buildSettings = {
				ALWAYS_EMBED_SWIFT_STANDARD_LIBRARIES = YES;
				BUNDLE_LOADER = "$(TEST_HOST)";
				CODE_SIGN_STYLE = Automatic;
				INFOPLIST_FILE = "Nyan Nyan Fun TimeTests/Info.plist";
				LD_RUNPATH_SEARCH_PATHS = "$(inherited) @executable_path/Frameworks @loader_path/Frameworks";
				PRODUCT_BUNDLE_IDENTIFIER = "com.kofu.Nyan-Nyan-Fun-TimeTests";
				PRODUCT_NAME = "$(TARGET_NAME)";
				SWIFT_VERSION = 4.0;
				TARGETED_DEVICE_FAMILY = "1,2";
				TEST_HOST = "$(BUILT_PRODUCTS_DIR)/Nyan Nyan Fun Time.app/Nyan Nyan Fun Time";
			};
			name = Release;
		};
		81F258CB20D7B72C00D3EBC5 /* Debug */ = {
			isa = XCBuildConfiguration;
			buildSettings = {
				ALWAYS_EMBED_SWIFT_STANDARD_LIBRARIES = YES;
				CODE_SIGN_STYLE = Automatic;
				INFOPLIST_FILE = "Nyan Nyan Fun TimeUITests/Info.plist";
				LD_RUNPATH_SEARCH_PATHS = "$(inherited) @executable_path/Frameworks @loader_path/Frameworks";
				PRODUCT_BUNDLE_IDENTIFIER = "com.kofu.Nyan-Nyan-Fun-TimeUITests";
				PRODUCT_NAME = "$(TARGET_NAME)";
				SWIFT_VERSION = 4.0;
				TARGETED_DEVICE_FAMILY = "1,2";
				TEST_TARGET_NAME = "Nyan Nyan Fun Time";
			};
			name = Debug;
		};
		81F258CC20D7B72C00D3EBC5 /* Release */ = {
			isa = XCBuildConfiguration;
			buildSettings = {
				ALWAYS_EMBED_SWIFT_STANDARD_LIBRARIES = YES;
				CODE_SIGN_STYLE = Automatic;
				INFOPLIST_FILE = "Nyan Nyan Fun TimeUITests/Info.plist";
				LD_RUNPATH_SEARCH_PATHS = "$(inherited) @executable_path/Frameworks @loader_path/Frameworks";
				PRODUCT_BUNDLE_IDENTIFIER = "com.kofu.Nyan-Nyan-Fun-TimeUITests";
				PRODUCT_NAME = "$(TARGET_NAME)";
				SWIFT_VERSION = 4.0;
				TARGETED_DEVICE_FAMILY = "1,2";
				TEST_TARGET_NAME = "Nyan Nyan Fun Time";
			};
			name = Release;
		};
/* End XCBuildConfiguration section */

/* Begin XCConfigurationList section */
		81F2589720D7B72C00D3EBC5 /* Build configuration list for PBXProject "Nyan Nyan Fun Time" */ = {
			isa = XCConfigurationList;
			buildConfigurations = (
				81F258C220D7B72C00D3EBC5 /* Debug */,
				81F258C320D7B72C00D3EBC5 /* Release */,
			);
			defaultConfigurationIsVisible = 0;
			defaultConfigurationName = Release;
		};
		81F258C420D7B72C00D3EBC5 /* Build configuration list for PBXNativeTarget "Nyan Nyan Fun Time" */ = {
			isa = XCConfigurationList;
			buildConfigurations = (
				81F258C520D7B72C00D3EBC5 /* Debug */,
				81F258C620D7B72C00D3EBC5 /* Release */,
			);
			defaultConfigurationIsVisible = 0;
			defaultConfigurationName = Release;
		};
		81F258C720D7B72C00D3EBC5 /* Build configuration list for PBXNativeTarget "Nyan Nyan Fun TimeTests" */ = {
			isa = XCConfigurationList;
			buildConfigurations = (
				81F258C820D7B72C00D3EBC5 /* Debug */,
				81F258C920D7B72C00D3EBC5 /* Release */,
			);
			defaultConfigurationIsVisible = 0;
			defaultConfigurationName = Release;
		};
		81F258CA20D7B72C00D3EBC5 /* Build configuration list for PBXNativeTarget "Nyan Nyan Fun TimeUITests" */ = {
			isa = XCConfigurationList;
			buildConfigurations = (
				81F258CB20D7B72C00D3EBC5 /* Debug */,
				81F258CC20D7B72C00D3EBC5 /* Release */,
			);
			defaultConfigurationIsVisible = 0;
			defaultConfigurationName = Release;
		};
/* End XCConfigurationList section */
	};
	rootObject = 81F2589420D7B72C00D3EBC5 /* Project object */;
}
